
Microsoft Visual Studio Solution File, Format Version 12.00
# Visual Studio 14
VisualStudioVersion = 14.0.25420.1
MinimumVisualStudioVersion = 10.0.40219.1
Project("{FAE04EC0-301F-11D3-BF4B-00C04F79EFBC}") = "BookStore", "BookStore\BookStore.csproj", "{A57D0653-405E-4523-A6CE-238D6E3E957B}"
EndProject
Project("{FAE04EC0-301F-11D3-BF4B-00C04F79EFBC}") = "DataStorage", "DataStorage\DataStorage.csproj", "{013D14B8-0ED9-44BB-8A05-5649220B2583}"
EndProject
Project("{FAE04EC0-301F-11D3-BF4B-00C04F79EFBC}") = "BookStoreManagementSystem", "BookStoreManagementSystem\BookStoreManagementSystem.csproj", "{3F7E0316-F0E5-4D12-821F-392B0E70F5CB}"
EndProject
Global
	GlobalSection(SolutionConfigurationPlatforms) = preSolution
		Debug|Any CPU = Debug|Any CPU
		Release|Any CPU = Release|Any CPU
	EndGlobalSection
	GlobalSection(ProjectConfigurationPlatforms) = postSolution
		{A57D0653-405E-4523-A6CE-238D6E3E957B}.Debug|Any CPU.ActiveCfg = Debug|Any CPU
		{A57D0653-405E-4523-A6CE-238D6E3E957B}.Debug|Any CPU.Build.0 = Debug|Any CPU
		{A57D0653-405E-4523-A6CE-238D6E3E957B}.Release|Any CPU.ActiveCfg = Release|Any CPU
		{A57D0653-405E-4523-A6CE-238D6E3E957B}.Release|Any CPU.Build.0 = Release|Any CPU
		{013D14B8-0ED9-44BB-8A05-5649220B2583}.Debug|Any CPU.ActiveCfg = Debug|Any CPU
		{013D14B8-0ED9-44BB-8A05-5649220B2583}.Debug|Any CPU.Build.0 = Debug|Any CPU
		{013D14B8-0ED9-44BB-8A05-5649220B2583}.Release|Any CPU.ActiveCfg = Release|Any CPU
		{013D14B8-0ED9-44BB-8A05-5649220B2583}.Release|Any CPU.Build.0 = Release|Any CPU
		{3F7E0316-F0E5-4D12-821F-392B0E70F5CB}.Debug|Any CPU.ActiveCfg = Debug|Any CPU
		{3F7E0316-F0E5-4D12-821F-392B0E70F5CB}.Debug|Any CPU.Build.0 = Debug|Any CPU
		{3F7E0316-F0E5-4D12-821F-392B0E70F5CB}.Release|Any CPU.ActiveCfg = Release|Any CPU
		{3F7E0316-F0E5-4D12-821F-392B0E70F5CB}.Release|Any CPU.Build.0 = Release|Any CPU
	EndGlobalSection
	GlobalSection(SolutionProperties) = preSolution
		HideSolutionNode = FALSE
	EndGlobalSection
EndGlobal
